
Microsoft Visual Studio Solution File, Format Version 12.00
# Visual Studio Version 16
VisualStudioVersion = 16.0.31702.278
MinimumVisualStudioVersion = 10.0.40219.1
Project("{9A19103F-16F7-4668-BE54-9A1E7A4F7556}") = "AroTech", "AroTech\AroTech.csproj", "{316F3C13-31B7-4B6B-815D-A2C4D5CDA0F5}"
EndProject
Project("{9A19103F-16F7-4668-BE54-9A1E7A4F7556}") = "DataService", "DataService\DataService.csproj", "{2DD91336-57EE-4C3D-B47E-31C6680829A7}"
EndProject
Global
	GlobalSection(SolutionConfigurationPlatforms) = preSolution
		Debug|Any CPU = Debug|Any CPU
		Release|Any CPU = Release|Any CPU
	EndGlobalSection
	GlobalSection(ProjectConfigurationPlatforms) = postSolution
		{316F3C13-31B7-4B6B-815D-A2C4D5CDA0F5}.Debug|Any CPU.ActiveCfg = Debug|Any CPU
		{316F3C13-31B7-4B6B-815D-A2C4D5CDA0F5}.Debug|Any CPU.Build.0 = Debug|Any CPU
		{316F3C13-31B7-4B6B-815D-A2C4D5CDA0F5}.Release|Any CPU.ActiveCfg = Release|Any CPU
		{316F3C13-31B7-4B6B-815D-A2C4D5CDA0F5}.Release|Any CPU.Build.0 = Release|Any CPU
		{2DD91336-57EE-4C3D-B47E-31C6680829A7}.Debug|Any CPU.ActiveCfg = Debug|Any CPU
		{2DD91336-57EE-4C3D-B47E-31C6680829A7}.Debug|Any CPU.Build.0 = Debug|Any CPU
		{2DD91336-57EE-4C3D-B47E-31C6680829A7}.Release|Any CPU.ActiveCfg = Release|Any CPU
		{2DD91336-57EE-4C3D-B47E-31C6680829A7}.Release|Any CPU.Build.0 = Release|Any CPU
	EndGlobalSection
	GlobalSection(SolutionProperties) = preSolution
		HideSolutionNode = FALSE
	EndGlobalSection
	GlobalSection(ExtensibilityGlobals) = postSolution
		SolutionGuid = {016C2817-3B8E-4960-A778-B8C5D6355B09}
	EndGlobalSection
EndGlobal
